
Microsoft Visual Studio Solution File, Format Version 12.00
# Visual Studio Version 17
VisualStudioVersion = 17.3.32901.215
MinimumVisualStudioVersion = 10.0.40219.1
Project("{FAE04EC0-301F-11D3-BF4B-00C04F79EFBC}") = "OgrenciProje", "OgrenciProje\OgrenciProje.csproj", "{9C87EA9B-3846-411A-BC75-97E08386420D}"
EndProject
Global
	GlobalSection(SolutionConfigurationPlatforms) = preSolution
		Debug|Any CPU = Debug|Any CPU
		Release|Any CPU = Release|Any CPU
	EndGlobalSection
	GlobalSection(ProjectConfigurationPlatforms) = postSolution
		{9C87EA9B-3846-411A-BC75-97E08386420D}.Debug|Any CPU.ActiveCfg = Debug|Any CPU
		{9C87EA9B-3846-411A-BC75-97E08386420D}.Debug|Any CPU.Build.0 = Debug|Any CPU
		{9C87EA9B-3846-411A-BC75-97E08386420D}.Release|Any CPU.ActiveCfg = Release|Any CPU
		{9C87EA9B-3846-411A-BC75-97E08386420D}.Release|Any CPU.Build.0 = Release|Any CPU
	EndGlobalSection
	GlobalSection(SolutionProperties) = preSolution
		HideSolutionNode = FALSE
	EndGlobalSection
	GlobalSection(ExtensibilityGlobals) = postSolution
		SolutionGuid = {235D7C53-38CC-49C5-9886-5F2A919CD7CC}
	EndGlobalSection
EndGlobal
